# This file is automatically @generated by Cargo.
# It is not intended for manual editing.
version = 4

[[package]]
name = "tick-calibration"
version = "0.1.0"
dependencies = [
 "tick-core",
]

[[package]]
name = "tick-core"
version = "0.1.0"

[[package]]
name = "tick-diagnostics"
version = "0.1.0"
dependencies = [
 "tick-core",
]

[[package]]
name = "tick-observation-windows"
version = "0.1.0"
dependencies = [
 "tick-core",
 "tick-policy",
]

[[package]]
name = "tick-ownership"
version = "0.1.0"
dependencies = [
 "tick-core",
 "tick-platform-windows",
]

[[package]]
name = "tick-platform-windows"
version = "0.1.0"
dependencies = [
 "tick-core",
 "tick-diagnostics",
]

[[package]]
name = "tick-policy"
version = "0.1.0"
dependencies = [
 "tick-core",
]

[[package]]
name = "tick-startup-windows"
version = "0.1.0"

[[package]]
name = "true-tick"
version = "0.1.0"
dependencies = [
 "tick-core",
 "tick-diagnostics",
 "tick-observation-windows",
 "tick-ownership",
 "tick-platform-windows",
 "tick-policy",
 "tick-startup-windows",
]

[[package]]
name = "true-tick-launcher"
version = "0.1.0"
